
Microsoft Visual Studio Solution File, Format Version 12.00
# Visual Studio Version 17
VisualStudioVersion = 17.12.35527.113 d17.12
MinimumVisualStudioVersion = 10.0.40219.1
Project("{FAE04EC0-301F-11D3-BF4B-00C04F79EFBC}") = "MarsAdvancedTask.Framework", "MarsAdvancedTask.Framework\MarsAdvancedTask.Framework.csproj", "{68CB8730-DF41-4D81-A80F-17947A34EE62}"
EndProject
Project("{FAE04EC0-301F-11D3-BF4B-00C04F79EFBC}") = "MarsAdvancedTask.BDD", "MarsAdvancedTask.BDD\MarsAdvancedTask.BDD.csproj", "{B9EC0600-936A-457C-8E89-8A463C3EAF24}"
EndProject
Global
	GlobalSection(SolutionConfigurationPlatforms) = preSolution
		Debug|Any CPU = Debug|Any CPU
		Release|Any CPU = Release|Any CPU
	EndGlobalSection
	GlobalSection(ProjectConfigurationPlatforms) = postSolution
		{68CB8730-DF41-4D81-A80F-17947A34EE62}.Debug|Any CPU.ActiveCfg = Debug|Any CPU
		{68CB8730-DF41-4D81-A80F-17947A34EE62}.Debug|Any CPU.Build.0 = Debug|Any CPU
		{68CB8730-DF41-4D81-A80F-17947A34EE62}.Release|Any CPU.ActiveCfg = Release|Any CPU
		{68CB8730-DF41-4D81-A80F-17947A34EE62}.Release|Any CPU.Build.0 = Release|Any CPU
		{B9EC0600-936A-457C-8E89-8A463C3EAF24}.Debug|Any CPU.ActiveCfg = Debug|Any CPU
		{B9EC0600-936A-457C-8E89-8A463C3EAF24}.Debug|Any CPU.Build.0 = Debug|Any CPU
		{B9EC0600-936A-457C-8E89-8A463C3EAF24}.Release|Any CPU.ActiveCfg = Release|Any CPU
		{B9EC0600-936A-457C-8E89-8A463C3EAF24}.Release|Any CPU.Build.0 = Release|Any CPU
	EndGlobalSection
	GlobalSection(SolutionProperties) = preSolution
		HideSolutionNode = FALSE
	EndGlobalSection
EndGlobal
